
Microsoft Visual Studio Solution File, Format Version 12.00
# Visual Studio Version 16
VisualStudioVersion = 16.0.31402.337
MinimumVisualStudioVersion = 10.0.40219.1
Project("{FAE04EC0-301F-11D3-BF4B-00C04F79EFBC}") = "odsl-sql-loader", "odsl-sql-loader\odsl-sql-loader.csproj", "{0F7966B1-5F55-40FA-BF1D-6758D2EAF960}"
EndProject
Global
	GlobalSection(SolutionConfigurationPlatforms) = preSolution
		Debug|Any CPU = Debug|Any CPU
		Release|Any CPU = Release|Any CPU
	EndGlobalSection
	GlobalSection(ProjectConfigurationPlatforms) = postSolution
		{0F7966B1-5F55-40FA-BF1D-6758D2EAF960}.Debug|Any CPU.ActiveCfg = Debug|Any CPU
		{0F7966B1-5F55-40FA-BF1D-6758D2EAF960}.Debug|Any CPU.Build.0 = Debug|Any CPU
		{0F7966B1-5F55-40FA-BF1D-6758D2EAF960}.Release|Any CPU.ActiveCfg = Release|Any CPU
		{0F7966B1-5F55-40FA-BF1D-6758D2EAF960}.Release|Any CPU.Build.0 = Release|Any CPU
	EndGlobalSection
	GlobalSection(SolutionProperties) = preSolution
		HideSolutionNode = FALSE
	EndGlobalSection
	GlobalSection(ExtensibilityGlobals) = postSolution
		SolutionGuid = {EFA6CD63-4F36-44D2-AD4E-69EAF1B7E50E}
	EndGlobalSection
EndGlobal
